
Microsoft Visual Studio Solution File, Format Version 12.00
# Visual Studio Version 16
VisualStudioVersion = 16.0.30517.126
MinimumVisualStudioVersion = 10.0.40219.1
Project("{FAE04EC0-301F-11D3-BF4B-00C04F79EFBC}") = "Quiz", "Quiz\Quiz.csproj", "{6DE10B8F-1031-4527-BA03-59D4951DAC26}"
EndProject
Project("{FAE04EC0-301F-11D3-BF4B-00C04F79EFBC}") = "QuestionModel", "Question\QuestionModel.csproj", "{38F5EACB-D7D4-46FA-8CA5-11723C79D19D}"
EndProject
Global
	GlobalSection(SolutionConfigurationPlatforms) = preSolution
		Debug|Any CPU = Debug|Any CPU
		Release|Any CPU = Release|Any CPU
	EndGlobalSection
	GlobalSection(ProjectConfigurationPlatforms) = postSolution
		{6DE10B8F-1031-4527-BA03-59D4951DAC26}.Debug|Any CPU.ActiveCfg = Debug|Any CPU
		{6DE10B8F-1031-4527-BA03-59D4951DAC26}.Debug|Any CPU.Build.0 = Debug|Any CPU
		{6DE10B8F-1031-4527-BA03-59D4951DAC26}.Release|Any CPU.ActiveCfg = Release|Any CPU
		{6DE10B8F-1031-4527-BA03-59D4951DAC26}.Release|Any CPU.Build.0 = Release|Any CPU
		{38F5EACB-D7D4-46FA-8CA5-11723C79D19D}.Debug|Any CPU.ActiveCfg = Debug|Any CPU
		{38F5EACB-D7D4-46FA-8CA5-11723C79D19D}.Debug|Any CPU.Build.0 = Debug|Any CPU
		{38F5EACB-D7D4-46FA-8CA5-11723C79D19D}.Release|Any CPU.ActiveCfg = Release|Any CPU
		{38F5EACB-D7D4-46FA-8CA5-11723C79D19D}.Release|Any CPU.Build.0 = Release|Any CPU
	EndGlobalSection
	GlobalSection(SolutionProperties) = preSolution
		HideSolutionNode = FALSE
	EndGlobalSection
	GlobalSection(ExtensibilityGlobals) = postSolution
		SolutionGuid = {253E0FA8-9AEE-4A83-A3FF-39B6BE23A242}
	EndGlobalSection
EndGlobal
